
Microsoft Visual Studio Solution File, Format Version 12.00
# Visual Studio Version 16
VisualStudioVersion = 16.0.810.22
MinimumVisualStudioVersion = 10.0.40219.1
Project("{FAE04EC0-301F-11D3-BF4B-00C04F79EFBC}") = "BWAProject", "BWAProject\BWAProject.csproj", "{8D67C614-A0A5-4C97-B33F-2F1ACFFE5CB7}"
EndProject
Global
	GlobalSection(SolutionConfigurationPlatforms) = preSolution
		Debug|Any CPU = Debug|Any CPU
		Release|Any CPU = Release|Any CPU
	EndGlobalSection
	GlobalSection(ProjectConfigurationPlatforms) = postSolution
		{8D67C614-A0A5-4C97-B33F-2F1ACFFE5CB7}.Debug|Any CPU.ActiveCfg = Debug|Any CPU
		{8D67C614-A0A5-4C97-B33F-2F1ACFFE5CB7}.Debug|Any CPU.Build.0 = Debug|Any CPU
		{8D67C614-A0A5-4C97-B33F-2F1ACFFE5CB7}.Release|Any CPU.ActiveCfg = Release|Any CPU
		{8D67C614-A0A5-4C97-B33F-2F1ACFFE5CB7}.Release|Any CPU.Build.0 = Release|Any CPU
	EndGlobalSection
	GlobalSection(SolutionProperties) = preSolution
		HideSolutionNode = FALSE
	EndGlobalSection
	GlobalSection(ExtensibilityGlobals) = postSolution
		SolutionGuid = {B889A6D0-EDC7-4C4C-BB80-72BAF99A4970}
	EndGlobalSection
EndGlobal
